// !$*UTF8*$!
{
	archiveVersion = 1;
	classes = {
	};
	objectVersion = 56;
	objects = {

/* Begin PBXBuildFile section */
		D1165F4D2AA9301300F40B54 /* Image_learnApp.swift in Sources */ = {isa = PBXBuildFile; fileRef = D1165F4C2AA9301300F40B54 /* Image_learnApp.swift */; };
		D1165F4F2AA9301300F40B54 /* ContentView.swift in Sources */ = {isa = PBXBuildFile; fileRef = D1165F4E2AA9301300F40B54 /* ContentView.swift */; };
		D1165F512AA9301400F40B54 /* Assets.xcassets in Resources */ = {isa = PBXBuildFile; fileRef = D1165F502AA9301400F40B54 /* Assets.xcassets */; };
		D1165F542AA9301400F40B54 /* Preview Assets.xcassets in Resources */ = {isa = PBXBuildFile; fileRef = D1165F532AA9301400F40B54 /* Preview Assets.xcassets */; };
		D1165F5D2AA9467400F40B54 /* ModelInference.swift in Sources */ = {isa = PBXBuildFile; fileRef = D1165F5C2AA9467400F40B54 /* ModelInference.swift */; };
		D1165F632AA9499300F40B54 /* ImageUtils.swift in Sources */ = {isa = PBXBuildFile; fileRef = D1165F622AA9499300F40B54 /* ImageUtils.swift */; };
		D1165F652AA94A3500F40B54 /* ImagePickerCoordinator.swift in Sources */ = {isa = PBXBuildFile; fileRef = D1165F642AA94A3500F40B54 /* ImagePickerCoordinator.swift */; };
		D1165F672AA94A5400F40B54 /* ImagePicker.swift in Sources */ = {isa = PBXBuildFile; fileRef = D1165F662AA94A5400F40B54 /* ImagePicker.swift */; };
		D1165F692AA954E100F40B54 /* ModelUpdater.swift in Sources */ = {isa = PBXBuildFile; fileRef = D1165F682AA954E100F40B54 /* ModelUpdater.swift */; };
		D14FAE7E2AB0D57400A66485 /* Image-learn-Info.plist in Resources */ = {isa = PBXBuildFile; fileRef = D14FAE7D2AB0D57400A66485 /* Image-learn-Info.plist */; };
		D1DBBF382AAF6E36009320F9 /* crop_resize.swift in Sources */ = {isa = PBXBuildFile; fileRef = D1DBBF372AAF6E36009320F9 /* crop_resize.swift */; };
		D1DBBF3C2AB01F5B009320F9 /* cnn.mlmodel in Sources */ = {isa = PBXBuildFile; fileRef = D1DBBF3B2AB01F5B009320F9 /* cnn.mlmodel */; };
/* End PBXBuildFile section */

/* Begin PBXFileReference section */
		D1165F492AA9301300F40B54 /* Image_learn.app */ = {isa = PBXFileReference; explicitFileType = wrapper.application; includeInIndex = 0; path = Image_learn.app; sourceTree = BUILT_PRODUCTS_DIR; };
		D1165F4C2AA9301300F40B54 /* Image_learnApp.swift */ = {isa = PBXFileReference; lastKnownFileType = sourcecode.swift; path = Image_learnApp.swift; sourceTree = "<group>"; };
		D1165F4E2AA9301300F40B54 /* ContentView.swift */ = {isa = PBXFileReference; lastKnownFileType = sourcecode.swift; path = ContentView.swift; sourceTree = "<group>"; };
		D1165F502AA9301400F40B54 /* Assets.xcassets */ = {isa = PBXFileReference; lastKnownFileType = folder.assetcatalog; path = Assets.xcassets; sourceTree = "<group>"; };
		D1165F532AA9301400F40B54 /* Preview Assets.xcassets */ = {isa = PBXFileReference; lastKnownFileType = folder.assetcatalog; path = "Preview Assets.xcassets"; sourceTree = "<group>"; };
		D1165F5C2AA9467400F40B54 /* ModelInference.swift */ = {isa = PBXFileReference; lastKnownFileType = sourcecode.swift; path = ModelInference.swift; sourceTree = "<group>"; };
		D1165F622AA9499300F40B54 /* ImageUtils.swift */ = {isa = PBXFileReference; lastKnownFileType = sourcecode.swift; path = ImageUtils.swift; sourceTree = "<group>"; };
		D1165F642AA94A3500F40B54 /* ImagePickerCoordinator.swift */ = {isa = PBXFileReference; lastKnownFileType = sourcecode.swift; path = ImagePickerCoordinator.swift; sourceTree = "<group>"; };
		D1165F662AA94A5400F40B54 /* ImagePicker.swift */ = {isa = PBXFileReference; lastKnownFileType = sourcecode.swift; path = ImagePicker.swift; sourceTree = "<group>"; };
		D1165F682AA954E100F40B54 /* ModelUpdater.swift */ = {isa = PBXFileReference; lastKnownFileType = sourcecode.swift; path = ModelUpdater.swift; sourceTree = "<group>"; };
		D14FAE7D2AB0D57400A66485 /* Image-learn-Info.plist */ = {isa = PBXFileReference; fileEncoding = 4; lastKnownFileType = text.plist.xml; name = "Image-learn-Info.plist"; path = "Assets.xcassets/Image-learn-Info.plist"; sourceTree = "<group>"; };
		D1DBBF372AAF6E36009320F9 /* crop_resize.swift */ = {isa = PBXFileReference; lastKnownFileType = sourcecode.swift; path = crop_resize.swift; sourceTree = "<group>"; };
		D1DBBF3B2AB01F5B009320F9 /* cnn.mlmodel */ = {isa = PBXFileReference; lastKnownFileType = file.mlmodel; name = cnn.mlmodel; path = "../../core models_python/cnn.mlmodel"; sourceTree = "<group>"; };
/* End PBXFileReference section */

/* Begin PBXFrameworksBuildPhase section */
		D1165F462AA9301300F40B54 /* Frameworks */ = {
			isa = PBXFrameworksBuildPhase;
			buildActionMask = 2147483647;
			files = (
			);
			runOnlyForDeploymentPostprocessing = 0;
		};
/* End PBXFrameworksBuildPhase section */

/* Begin PBXGroup section */
		D1165F402AA9301300F40B54 = {
			isa = PBXGroup;
			children = (
				D1165F4B2AA9301300F40B54 /* Image_learn */,
				D1165F4A2AA9301300F40B54 /* Products */,
			);
			sourceTree = "<group>";
		};
		D1165F4A2AA9301300F40B54 /* Products */ = {
			isa = PBXGroup;
			children = (
				D1165F492AA9301300F40B54 /* Image_learn.app */,
			);
			name = Products;
			sourceTree = "<group>";
		};
		D1165F4B2AA9301300F40B54 /* Image_learn */ = {
			isa = PBXGroup;
			children = (
				D14FAE7D2AB0D57400A66485 /* Image-learn-Info.plist */,
				D1165F4C2AA9301300F40B54 /* Image_learnApp.swift */,
				D1165F622AA9499300F40B54 /* ImageUtils.swift */,
				D1DBBF3B2AB01F5B009320F9 /* cnn.mlmodel */,
				D1165F642AA94A3500F40B54 /* ImagePickerCoordinator.swift */,
				D1165F5C2AA9467400F40B54 /* ModelInference.swift */,
				D1165F682AA954E100F40B54 /* ModelUpdater.swift */,
				D1DBBF372AAF6E36009320F9 /* crop_resize.swift */,
				D1165F662AA94A5400F40B54 /* ImagePicker.swift */,
				D1165F4E2AA9301300F40B54 /* ContentView.swift */,
				D1165F502AA9301400F40B54 /* Assets.xcassets */,
				D1165F522AA9301400F40B54 /* Preview Content */,
			);
			path = Image_learn;
			sourceTree = "<group>";
		};
		D1165F522AA9301400F40B54 /* Preview Content */ = {
			isa = PBXGroup;
			children = (
				D1165F532AA9301400F40B54 /* Preview Assets.xcassets */,
			);
			path = "Preview Content";
			sourceTree = "<group>";
		};
/* End PBXGroup section */

/* Begin PBXNativeTarget section */
		D1165F482AA9301300F40B54 /* Image_learn */ = {
			isa = PBXNativeTarget;
			buildConfigurationList = D1165F572AA9301400F40B54 /* Build configuration list for PBXNativeTarget "Image_learn" */;
			buildPhases = (
				D1165F452AA9301300F40B54 /* Sources */,
				D1165F462AA9301300F40B54 /* Frameworks */,
				D1165F472AA9301300F40B54 /* Resources */,
			);
			buildRules = (
			);
			dependencies = (
			);
			name = Image_learn;
			productName = Image_learn;
			productReference = D1165F492AA9301300F40B54 /* Image_learn.app */;
			productType = "com.apple.product-type.application";
		};
/* End PBXNativeTarget section */

/* Begin PBXProject section */
		D1165F412AA9301300F40B54 /* Project object */ = {
			isa = PBXProject;
			attributes = {
				BuildIndependentTargetsInParallel = 1;
				LastSwiftUpdateCheck = 1500;
				LastUpgradeCheck = 1500;
				TargetAttributes = {
					D1165F482AA9301300F40B54 = {
						CreatedOnToolsVersion = 15.0;
					};
				};
			};
			buildConfigurationList = D1165F442AA9301300F40B54 /* Build configuration list for PBXProject "Image_learn" */;
			compatibilityVersion = "Xcode 14.0";
			developmentRegion = en;
			hasScannedForEncodings = 0;
			knownRegions = (
				en,
				Base,
			);
			mainGroup = D1165F402AA9301300F40B54;
			productRefGroup = D1165F4A2AA9301300F40B54 /* Products */;
			projectDirPath = "";
			projectRoot = "";
			targets = (
				D1165F482AA9301300F40B54 /* Image_learn */,
			);
		};
/* End PBXProject section */

/* Begin PBXResourcesBuildPhase section */
		D1165F472AA9301300F40B54 /* Resources */ = {
			isa = PBXResourcesBuildPhase;
			buildActionMask = 2147483647;
			files = (
				D14FAE7E2AB0D57400A66485 /* Image-learn-Info.plist in Resources */,
				D1165F542AA9301400F40B54 /* Preview Assets.xcassets in Resources */,
				D1165F512AA9301400F40B54 /* Assets.xcassets in Resources */,
			);
			runOnlyForDeploymentPostprocessing = 0;
		};
/* End PBXResourcesBuildPhase section */

/* Begin PBXSourcesBuildPhase section */
		D1165F452AA9301300F40B54 /* Sources */ = {
			isa = PBXSourcesBuildPhase;
			buildActionMask = 2147483647;
			files = (
				D1DBBF3C2AB01F5B009320F9 /* cnn.mlmodel in Sources */,
				D1DBBF382AAF6E36009320F9 /* crop_resize.swift in Sources */,
				D1165F4F2AA9301300F40B54 /* ContentView.swift in Sources */,
				D1165F652AA94A3500F40B54 /* ImagePickerCoordinator.swift in Sources */,
				D1165F692AA954E100F40B54 /* ModelUpdater.swift in Sources */,
				D1165F672AA94A5400F40B54 /* ImagePicker.swift in Sources */,
				D1165F4D2AA9301300F40B54 /* Image_learnApp.swift in Sources */,
				D1165F632AA9499300F40B54 /* ImageUtils.swift in Sources */,
				D1165F5D2AA9467400F40B54 /* ModelInference.swift in Sources */,
			);
			runOnlyForDeploymentPostprocessing = 0;
		};
/* End PBXSourcesBuildPhase section */

/* Begin XCBuildConfiguration section */
		D1165F552AA9301400F40B54 /* Debug */ = {
			isa = XCBuildConfiguration;
			buildSettings = {
				ALWAYS_SEARCH_USER_PATHS = NO;
				ASSETCATALOG_COMPILER_GENERATE_SWIFT_ASSET_SYMBOL_EXTENSIONS = YES;
				CLANG_ANALYZER_NONNULL = YES;
				CLANG_ANALYZER_NUMBER_OBJECT_CONVERSION = YES_AGGRESSIVE;
				CLANG_CXX_LANGUAGE_STANDARD = "gnu++20";
				CLANG_ENABLE_MODULES = YES;
				CLANG_ENABLE_OBJC_ARC = YES;
				CLANG_ENABLE_OBJC_WEAK = YES;
				CLANG_WARN_BLOCK_CAPTURE_AUTORELEASING = YES;
				CLANG_WARN_BOOL_CONVERSION = YES;
				CLANG_WARN_COMMA = YES;
				CLANG_WARN_CONSTANT_CONVERSION = YES;
				CLANG_WARN_DEPRECATED_OBJC_IMPLEMENTATIONS = YES;
				CLANG_WARN_DIRECT_OBJC_ISA_USAGE = YES_ERROR;
				CLANG_WARN_DOCUMENTATION_COMMENTS = YES;
				CLANG_WARN_EMPTY_BODY = YES;
				CLANG_WARN_ENUM_CONVERSION = YES;
				CLANG_WARN_INFINITE_RECURSION = YES;
				CLANG_WARN_INT_CONVERSION = YES;
				CLANG_WARN_NON_LITERAL_NULL_CONVERSION = YES;
				CLANG_WARN_OBJC_IMPLICIT_RETAIN_SELF = YES;
				CLANG_WARN_OBJC_LITERAL_CONVERSION = YES;
				CLANG_WARN_OBJC_ROOT_CLASS = YES_ERROR;
				CLANG_WARN_QUOTED_INCLUDE_IN_FRAMEWORK_HEADER = YES;
				CLANG_WARN_RANGE_LOOP_ANALYSIS = YES;
				CLANG_WARN_STRICT_PROTOTYPES = YES;
				CLANG_WARN_SUSPICIOUS_MOVE = YES;
				CLANG_WARN_UNGUARDED_AVAILABILITY = YES_AGGRESSIVE;
				CLANG_WARN_UNREACHABLE_CODE = YES;
				CLANG_WARN__DUPLICATE_METHOD_MATCH = YES;
				COPY_PHASE_STRIP = NO;
				DEBUG_INFORMATION_FORMAT = dwarf;
				ENABLE_STRICT_OBJC_MSGSEND = YES;
				ENABLE_TESTABILITY = YES;
				ENABLE_USER_SCRIPT_SANDBOXING = YES;
				GCC_C_LANGUAGE_STANDARD = gnu17;
				GCC_DYNAMIC_NO_PIC = NO;
				GCC_NO_COMMON_BLOCKS = YES;
				GCC_OPTIMIZATION_LEVEL = 0;
				GCC_PREPROCESSOR_DEFINITIONS = (
					"DEBUG=1",
					"$(inherited)",
				);
				GCC_WARN_64_TO_32_BIT_CONVERSION = YES;
				GCC_WARN_ABOUT_RETURN_TYPE = YES_ERROR;
				GCC_WARN_UNDECLARED_SELECTOR = YES;
				GCC_WARN_UNINITIALIZED_AUTOS = YES_AGGRESSIVE;
				GCC_WARN_UNUSED_FUNCTION = YES;
				GCC_WARN_UNUSED_VARIABLE = YES;
				IPHONEOS_DEPLOYMENT_TARGET = 17.0;
				LOCALIZATION_PREFERS_STRING_CATALOGS = YES;
				MTL_ENABLE_DEBUG_INFO = INCLUDE_SOURCE;
				MTL_FAST_MATH = YES;
				ONLY_ACTIVE_ARCH = YES;
				SDKROOT = iphoneos;
				SWIFT_ACTIVE_COMPILATION_CONDITIONS = "DEBUG $(inherited)";
				SWIFT_OPTIMIZATION_LEVEL = "-Onone";
			};
			name = Debug;
		};
		D1165F562AA9301400F40B54 /* Release */ = {
			isa = XCBuildConfiguration;
			buildSettings = {
				ALWAYS_SEARCH_USER_PATHS = NO;
				ASSETCATALOG_COMPILER_GENERATE_SWIFT_ASSET_SYMBOL_EXTENSIONS = YES;
				CLANG_ANALYZER_NONNULL = YES;
				CLANG_ANALYZER_NUMBER_OBJECT_CONVERSION = YES_AGGRESSIVE;
				CLANG_CXX_LANGUAGE_STANDARD = "gnu++20";
				CLANG_ENABLE_MODULES = YES;
				CLANG_ENABLE_OBJC_ARC = YES;
				CLANG_ENABLE_OBJC_WEAK = YES;
				CLANG_WARN_BLOCK_CAPTURE_AUTORELEASING = YES;
				CLANG_WARN_BOOL_CONVERSION = YES;
				CLANG_WARN_COMMA = YES;
				CLANG_WARN_CONSTANT_CONVERSION = YES;
				CLANG_WARN_DEPRECATED_OBJC_IMPLEMENTATIONS = YES;
				CLANG_WARN_DIRECT_OBJC_ISA_USAGE = YES_ERROR;
				CLANG_WARN_DOCUMENTATION_COMMENTS = YES;
				CLANG_WARN_EMPTY_BODY = YES;
				CLANG_WARN_ENUM_CONVERSION = YES;
				CLANG_WARN_INFINITE_RECURSION = YES;
				CLANG_WARN_INT_CONVERSION = YES;
				CLANG_WARN_NON_LITERAL_NULL_CONVERSION = YES;
				CLANG_WARN_OBJC_IMPLICIT_RETAIN_SELF = YES;
				CLANG_WARN_OBJC_LITERAL_CONVERSION = YES;
				CLANG_WARN_OBJC_ROOT_CLASS = YES_ERROR;
				CLANG_WARN_QUOTED_INCLUDE_IN_FRAMEWORK_HEADER = YES;
				CLANG_WARN_RANGE_LOOP_ANALYSIS = YES;
				CLANG_WARN_STRICT_PROTOTYPES = YES;
				CLANG_WARN_SUSPICIOUS_MOVE = YES;
				CLANG_WARN_UNGUARDED_AVAILABILITY = YES_AGGRESSIVE;
				CLANG_WARN_UNREACHABLE_CODE = YES;
				CLANG_WARN__DUPLICATE_METHOD_MATCH = YES;
				COPY_PHASE_STRIP = NO;
				DEBUG_INFORMATION_FORMAT = "dwarf-with-dsym";
				ENABLE_NS_ASSERTIONS = NO;
				ENABLE_STRICT_OBJC_MSGSEND = YES;
				ENABLE_USER_SCRIPT_SANDBOXING = YES;
				GCC_C_LANGUAGE_STANDARD = gnu17;
				GCC_NO_COMMON_BLOCKS = YES;
				GCC_WARN_64_TO_32_BIT_CONVERSION = YES;
				GCC_WARN_ABOUT_RETURN_TYPE = YES_ERROR;
				GCC_WARN_UNDECLARED_SELECTOR = YES;
				GCC_WARN_UNINITIALIZED_AUTOS = YES_AGGRESSIVE;
				GCC_WARN_UNUSED_FUNCTION = YES;
				GCC_WARN_UNUSED_VARIABLE = YES;
				IPHONEOS_DEPLOYMENT_TARGET = 17.0;
				LOCALIZATION_PREFERS_STRING_CATALOGS = YES;
				MTL_ENABLE_DEBUG_INFO = NO;
				MTL_FAST_MATH = YES;
				SDKROOT = iphoneos;
				SWIFT_COMPILATION_MODE = wholemodule;
				VALIDATE_PRODUCT = YES;
			};
			name = Release;
		};
		D1165F582AA9301400F40B54 /* Debug */ = {
			isa = XCBuildConfiguration;
			buildSettings = {
				ASSETCATALOG_COMPILER_APPICON_NAME = AppIcon;
				ASSETCATALOG_COMPILER_GLOBAL_ACCENT_COLOR_NAME = AccentColor;
				ASSETCATALOG_COMPILER_INCLUDE_ALL_APPICON_ASSETS = YES;
				CODE_SIGN_STYLE = Automatic;
				CURRENT_PROJECT_VERSION = 1;
				DEVELOPMENT_ASSET_PATHS = "\"Image_learn/Preview Content\"";
				DEVELOPMENT_TEAM = 76856ZU55G;
				ENABLE_PREVIEWS = YES;
				GENERATE_INFOPLIST_FILE = YES;
				INFOPLIST_FILE = "Image-learn-Info.plist";
				INFOPLIST_KEY_CFBundleDisplayName = ImageLearn;
				INFOPLIST_KEY_LSApplicationCategoryType = "";
				INFOPLIST_KEY_UIApplicationSceneManifest_Generation = YES;
				INFOPLIST_KEY_UIApplicationSupportsIndirectInputEvents = YES;
				INFOPLIST_KEY_UILaunchScreen_Generation = YES;
				INFOPLIST_KEY_UISupportedInterfaceOrientations_iPad = "UIInterfaceOrientationPortrait UIInterfaceOrientationPortraitUpsideDown UIInterfaceOrientationLandscapeLeft UIInterfaceOrientationLandscapeRight";
				INFOPLIST_KEY_UISupportedInterfaceOrientations_iPhone = "UIInterfaceOrientationPortrait UIInterfaceOrientationLandscapeLeft UIInterfaceOrientationLandscapeRight";
				IPHONEOS_DEPLOYMENT_TARGET = 17.0;
				LD_RUNPATH_SEARCH_PATHS = (
					"$(inherited)",
					"@executable_path/Frameworks",
				);
				MARKETING_VERSION = 1.1;
				PRODUCT_BUNDLE_IDENTIFIER = "org.tensorflow.ObjectDetection-rsolanki123";
				PRODUCT_NAME = "$(TARGET_NAME)";
				SUPPORTED_PLATFORMS = "iphoneos iphonesimulator";
				SUPPORTS_MACCATALYST = NO;
				SUPPORTS_MAC_DESIGNED_FOR_IPHONE_IPAD = NO;
				SUPPORTS_XR_DESIGNED_FOR_IPHONE_IPAD = NO;
				SWIFT_EMIT_LOC_STRINGS = YES;
				SWIFT_VERSION = 5.0;
				TARGETED_DEVICE_FAMILY = 1;
			};
			name = Debug;
		};
		D1165F592AA9301400F40B54 /* Release */ = {
			isa = XCBuildConfiguration;
			buildSettings = {
				ASSETCATALOG_COMPILER_APPICON_NAME = AppIcon;
				ASSETCATALOG_COMPILER_GLOBAL_ACCENT_COLOR_NAME = AccentColor;
				ASSETCATALOG_COMPILER_INCLUDE_ALL_APPICON_ASSETS = YES;
				CODE_SIGN_STYLE = Automatic;
				CURRENT_PROJECT_VERSION = 1;
				DEVELOPMENT_ASSET_PATHS = "\"Image_learn/Preview Content\"";
				DEVELOPMENT_TEAM = 76856ZU55G;
				ENABLE_PREVIEWS = YES;
				GENERATE_INFOPLIST_FILE = YES;
				INFOPLIST_FILE = "Image-learn-Info.plist";
				INFOPLIST_KEY_CFBundleDisplayName = ImageLearn;
				INFOPLIST_KEY_LSApplicationCategoryType = "";
				INFOPLIST_KEY_UIApplicationSceneManifest_Generation = YES;
				INFOPLIST_KEY_UIApplicationSupportsIndirectInputEvents = YES;
				INFOPLIST_KEY_UILaunchScreen_Generation = YES;
				INFOPLIST_KEY_UISupportedInterfaceOrientations_iPad = "UIInterfaceOrientationPortrait UIInterfaceOrientationPortraitUpsideDown UIInterfaceOrientationLandscapeLeft UIInterfaceOrientationLandscapeRight";
				INFOPLIST_KEY_UISupportedInterfaceOrientations_iPhone = "UIInterfaceOrientationPortrait UIInterfaceOrientationLandscapeLeft UIInterfaceOrientationLandscapeRight";
				IPHONEOS_DEPLOYMENT_TARGET = 17.0;
				LD_RUNPATH_SEARCH_PATHS = (
					"$(inherited)",
					"@executable_path/Frameworks",
				);
				MARKETING_VERSION = 1.1;
				PRODUCT_BUNDLE_IDENTIFIER = "org.tensorflow.ObjectDetection-rsolanki123";
				PRODUCT_NAME = "$(TARGET_NAME)";
				SUPPORTED_PLATFORMS = "iphoneos iphonesimulator";
				SUPPORTS_MACCATALYST = NO;
				SUPPORTS_MAC_DESIGNED_FOR_IPHONE_IPAD = NO;
				SUPPORTS_XR_DESIGNED_FOR_IPHONE_IPAD = NO;
				SWIFT_EMIT_LOC_STRINGS = YES;
				SWIFT_VERSION = 5.0;
				TARGETED_DEVICE_FAMILY = 1;
			};
			name = Release;
		};
/* End XCBuildConfiguration section */

/* Begin XCConfigurationList section */
		D1165F442AA9301300F40B54 /* Build configuration list for PBXProject "Image_learn" */ = {
			isa = XCConfigurationList;
			buildConfigurations = (
				D1165F552AA9301400F40B54 /* Debug */,
				D1165F562AA9301400F40B54 /* Release */,
			);
			defaultConfigurationIsVisible = 0;
			defaultConfigurationName = Release;
		};
		D1165F572AA9301400F40B54 /* Build configuration list for PBXNativeTarget "Image_learn" */ = {
			isa = XCConfigurationList;
			buildConfigurations = (
				D1165F582AA9301400F40B54 /* Debug */,
				D1165F592AA9301400F40B54 /* Release */,
			);
			defaultConfigurationIsVisible = 0;
			defaultConfigurationName = Release;
		};
/* End XCConfigurationList section */
	};
	rootObject = D1165F412AA9301300F40B54 /* Project object */;
}
